// !$*UTF8*$!
{
	archiveVersion = 1;
	classes = {
	};
	objectVersion = 46;
	objects = {

/* Begin PBXBuildFile section */
		388B1C8C17604A74005E9C71 /* UIKit.framework in Frameworks */ = {isa = PBXBuildFile; fileRef = 388B1C8B17604A74005E9C71 /* UIKit.framework */; };
		388B1C8E17604A74005E9C71 /* Foundation.framework in Frameworks */ = {isa = PBXBuildFile; fileRef = 388B1C8D17604A74005E9C71 /* Foundation.framework */; };
		388B1C9017604A74005E9C71 /* CoreGraphics.framework in Frameworks */ = {isa = PBXBuildFile; fileRef = 388B1C8F17604A74005E9C71 /* CoreGraphics.framework */; };
		388B1C9617604A74005E9C71 /* InfoPlist.strings in Resources */ = {isa = PBXBuildFile; fileRef = 388B1C9417604A74005E9C71 /* InfoPlist.strings */; };
		388B1C9817604A74005E9C71 /* main.m in Sources */ = {isa = PBXBuildFile; fileRef = 388B1C9717604A74005E9C71 /* main.m */; };
		388B1C9C17604A74005E9C71 /* JCAppDelegate.m in Sources */ = {isa = PBXBuildFile; fileRef = 388B1C9B17604A74005E9C71 /* JCAppDelegate.m */; };
		388B1C9E17604A74005E9C71 /* Default.png in Resources */ = {isa = PBXBuildFile; fileRef = 388B1C9D17604A74005E9C71 /* Default.png */; };
		388B1CA017604A74005E9C71 /* Default@2x.png in Resources */ = {isa = PBXBuildFile; fileRef = 388B1C9F17604A74005E9C71 /* Default@2x.png */; };
		388B1CA217604A74005E9C71 /* Default-568h@2x.png in Resources */ = {isa = PBXBuildFile; fileRef = 388B1CA117604A74005E9C71 /* Default-568h@2x.png */; };
		388B1CA517604A74005E9C71 /* JCViewController.m in Sources */ = {isa = PBXBuildFile; fileRef = 388B1CA417604A74005E9C71 /* JCViewController.m */; };
		388B1CA817604A74005E9C71 /* JCViewController.xib in Resources */ = {isa = PBXBuildFile; fileRef = 388B1CA617604A74005E9C71 /* JCViewController.xib */; };
		388B1CB017604A74005E9C71 /* SenTestingKit.framework in Frameworks */ = {isa = PBXBuildFile; fileRef = 388B1CAF17604A74005E9C71 /* SenTestingKit.framework */; };
		388B1CB117604A74005E9C71 /* UIKit.framework in Frameworks */ = {isa = PBXBuildFile; fileRef = 388B1C8B17604A74005E9C71 /* UIKit.framework */; };
		388B1CB217604A74005E9C71 /* Foundation.framework in Frameworks */ = {isa = PBXBuildFile; fileRef = 388B1C8D17604A74005E9C71 /* Foundation.framework */; };
		388B1CBA17604A74005E9C71 /* InfoPlist.strings in Resources */ = {isa = PBXBuildFile; fileRef = 388B1CB817604A74005E9C71 /* InfoPlist.strings */; };
		388B1CBD17604A74005E9C71 /* JCDrawerTableViewController_SampleTests.m in Sources */ = {isa = PBXBuildFile; fileRef = 388B1CBC17604A74005E9C71 /* JCDrawerTableViewController_SampleTests.m */; };
		38B75D861772963400CC47E7 /* JCDrawerTableViewController.m in Sources */ = {isa = PBXBuildFile; fileRef = 38B75D851772963400CC47E7 /* JCDrawerTableViewController.m */; };
/* End PBXBuildFile section */

/* Begin PBXContainerItemProxy section */
		388B1CB317604A74005E9C71 /* PBXContainerItemProxy */ = {
			isa = PBXContainerItemProxy;
			containerPortal = 388B1C8017604A74005E9C71 /* Project object */;
			proxyType = 1;
			remoteGlobalIDString = 388B1C8717604A74005E9C71;
			remoteInfo = "JCDrawerTableViewController-Sample";
		};
/* End PBXContainerItemProxy section */

/* Begin PBXFileReference section */
		388B1C8817604A74005E9C71 /* JCSDK-Sample.app */ = {isa = PBXFileReference; explicitFileType = wrapper.application; includeInIndex = 0; path = "JCSDK-Sample.app"; sourceTree = BUILT_PRODUCTS_DIR; };
		388B1C8B17604A74005E9C71 /* UIKit.framework */ = {isa = PBXFileReference; lastKnownFileType = wrapper.framework; name = UIKit.framework; path = System/Library/Frameworks/UIKit.framework; sourceTree = SDKROOT; };
		388B1C8D17604A74005E9C71 /* Foundation.framework */ = {isa = PBXFileReference; lastKnownFileType = wrapper.framework; name = Foundation.framework; path = System/Library/Frameworks/Foundation.framework; sourceTree = SDKROOT; };
		388B1C8F17604A74005E9C71 /* CoreGraphics.framework */ = {isa = PBXFileReference; lastKnownFileType = wrapper.framework; name = CoreGraphics.framework; path = System/Library/Frameworks/CoreGraphics.framework; sourceTree = SDKROOT; };
		388B1C9317604A74005E9C71 /* JCSDK-Sample-Info.plist */ = {isa = PBXFileReference; lastKnownFileType = text.plist.xml; path = "JCSDK-Sample-Info.plist"; sourceTree = "<group>"; };
		388B1C9517604A74005E9C71 /* en */ = {isa = PBXFileReference; lastKnownFileType = text.plist.strings; name = en; path = en.lproj/InfoPlist.strings; sourceTree = "<group>"; };
		388B1C9717604A74005E9C71 /* main.m */ = {isa = PBXFileReference; lastKnownFileType = sourcecode.c.objc; path = main.m; sourceTree = "<group>"; };
		388B1C9917604A74005E9C71 /* JCSDK-Sample-Prefix.pch */ = {isa = PBXFileReference; lastKnownFileType = sourcecode.c.h; path = "JCSDK-Sample-Prefix.pch"; sourceTree = "<group>"; };
		388B1C9A17604A74005E9C71 /* JCAppDelegate.h */ = {isa = PBXFileReference; lastKnownFileType = sourcecode.c.h; path = JCAppDelegate.h; sourceTree = "<group>"; };
		388B1C9B17604A74005E9C71 /* JCAppDelegate.m */ = {isa = PBXFileReference; lastKnownFileType = sourcecode.c.objc; path = JCAppDelegate.m; sourceTree = "<group>"; };
		388B1C9D17604A74005E9C71 /* Default.png */ = {isa = PBXFileReference; lastKnownFileType = image.png; path = Default.png; sourceTree = "<group>"; };
		388B1C9F17604A74005E9C71 /* Default@2x.png */ = {isa = PBXFileReference; lastKnownFileType = image.png; path = "Default@2x.png"; sourceTree = "<group>"; };
		388B1CA117604A74005E9C71 /* Default-568h@2x.png */ = {isa = PBXFileReference; lastKnownFileType = image.png; path = "Default-568h@2x.png"; sourceTree = "<group>"; };
		388B1CA317604A74005E9C71 /* JCViewController.h */ = {isa = PBXFileReference; lastKnownFileType = sourcecode.c.h; path = JCViewController.h; sourceTree = "<group>"; };
		388B1CA417604A74005E9C71 /* JCViewController.m */ = {isa = PBXFileReference; lastKnownFileType = sourcecode.c.objc; path = JCViewController.m; sourceTree = "<group>"; };
		388B1CA717604A74005E9C71 /* en */ = {isa = PBXFileReference; lastKnownFileType = file.xib; name = en; path = en.lproj/JCViewController.xib; sourceTree = "<group>"; };
		388B1CAE17604A74005E9C71 /* JCSDK-SampleTests.octest */ = {isa = PBXFileReference; explicitFileType = wrapper.cfbundle; includeInIndex = 0; path = "JCSDK-SampleTests.octest"; sourceTree = BUILT_PRODUCTS_DIR; };
		388B1CAF17604A74005E9C71 /* SenTestingKit.framework */ = {isa = PBXFileReference; lastKnownFileType = wrapper.framework; name = SenTestingKit.framework; path = Library/Frameworks/SenTestingKit.framework; sourceTree = DEVELOPER_DIR; };
		388B1CB717604A74005E9C71 /* JCSDK-SampleTests-Info.plist */ = {isa = PBXFileReference; lastKnownFileType = text.plist.xml; path = "JCSDK-SampleTests-Info.plist"; sourceTree = "<group>"; };
		388B1CB917604A74005E9C71 /* en */ = {isa = PBXFileReference; lastKnownFileType = text.plist.strings; name = en; path = en.lproj/InfoPlist.strings; sourceTree = "<group>"; };
		388B1CBB17604A74005E9C71 /* JCDrawerTableViewController_SampleTests.h */ = {isa = PBXFileReference; lastKnownFileType = sourcecode.c.h; path = JCDrawerTableViewController_SampleTests.h; sourceTree = "<group>"; };
		388B1CBC17604A74005E9C71 /* JCDrawerTableViewController_SampleTests.m */ = {isa = PBXFileReference; lastKnownFileType = sourcecode.c.objc; path = JCDrawerTableViewController_SampleTests.m; sourceTree = "<group>"; };
		38B75D841772963400CC47E7 /* JCDrawerTableViewController.h */ = {isa = PBXFileReference; fileEncoding = 4; lastKnownFileType = sourcecode.c.h; path = JCDrawerTableViewController.h; sourceTree = "<group>"; };
		38B75D851772963400CC47E7 /* JCDrawerTableViewController.m */ = {isa = PBXFileReference; fileEncoding = 4; lastKnownFileType = sourcecode.c.objc; path = JCDrawerTableViewController.m; sourceTree = "<group>"; };
/* End PBXFileReference section */

/* Begin PBXFrameworksBuildPhase section */
		388B1C8517604A74005E9C71 /* Frameworks */ = {
			isa = PBXFrameworksBuildPhase;
			buildActionMask = 2147483647;
			files = (
				388B1C8C17604A74005E9C71 /* UIKit.framework in Frameworks */,
				388B1C8E17604A74005E9C71 /* Foundation.framework in Frameworks */,
				388B1C9017604A74005E9C71 /* CoreGraphics.framework in Frameworks */,
			);
			runOnlyForDeploymentPostprocessing = 0;
		};
		388B1CAA17604A74005E9C71 /* Frameworks */ = {
			isa = PBXFrameworksBuildPhase;
			buildActionMask = 2147483647;
			files = (
				388B1CB017604A74005E9C71 /* SenTestingKit.framework in Frameworks */,
				388B1CB117604A74005E9C71 /* UIKit.framework in Frameworks */,
				388B1CB217604A74005E9C71 /* Foundation.framework in Frameworks */,
			);
			runOnlyForDeploymentPostprocessing = 0;
		};
/* End PBXFrameworksBuildPhase section */

/* Begin PBXGroup section */
		388B1C7F17604A74005E9C71 = {
			isa = PBXGroup;
			children = (
				388B1CCA17604BA0005E9C71 /* Classes */,
				388B1C9117604A74005E9C71 /* JCDrawerTableViewController-Sample */,
				388B1CB517604A74005E9C71 /* JCDrawerTableViewController-SampleTests */,
				388B1C8A17604A74005E9C71 /* Frameworks */,
				388B1C8917604A74005E9C71 /* Products */,
			);
			sourceTree = "<group>";
		};
		388B1C8917604A74005E9C71 /* Products */ = {
			isa = PBXGroup;
			children = (
				388B1C8817604A74005E9C71 /* JCSDK-Sample.app */,
				388B1CAE17604A74005E9C71 /* JCSDK-SampleTests.octest */,
			);
			name = Products;
			sourceTree = "<group>";
		};
		388B1C8A17604A74005E9C71 /* Frameworks */ = {
			isa = PBXGroup;
			children = (
				388B1C8B17604A74005E9C71 /* UIKit.framework */,
				388B1C8D17604A74005E9C71 /* Foundation.framework */,
				388B1C8F17604A74005E9C71 /* CoreGraphics.framework */,
				388B1CAF17604A74005E9C71 /* SenTestingKit.framework */,
			);
			name = Frameworks;
			sourceTree = "<group>";
		};
		388B1C9117604A74005E9C71 /* JCDrawerTableViewController-Sample */ = {
			isa = PBXGroup;
			children = (
				388B1C9A17604A74005E9C71 /* JCAppDelegate.h */,
				388B1C9B17604A74005E9C71 /* JCAppDelegate.m */,
				388B1CA317604A74005E9C71 /* JCViewController.h */,
				388B1CA417604A74005E9C71 /* JCViewController.m */,
				388B1CA617604A74005E9C71 /* JCViewController.xib */,
				388B1C9217604A74005E9C71 /* Supporting Files */,
			);
			path = "JCDrawerTableViewController-Sample";
			sourceTree = "<group>";
		};
		388B1C9217604A74005E9C71 /* Supporting Files */ = {
			isa = PBXGroup;
			children = (
				388B1C9317604A74005E9C71 /* JCSDK-Sample-Info.plist */,
				388B1C9417604A74005E9C71 /* InfoPlist.strings */,
				388B1C9717604A74005E9C71 /* main.m */,
				388B1C9917604A74005E9C71 /* JCSDK-Sample-Prefix.pch */,
				388B1C9D17604A74005E9C71 /* Default.png */,
				388B1C9F17604A74005E9C71 /* Default@2x.png */,
				388B1CA117604A74005E9C71 /* Default-568h@2x.png */,
			);
			name = "Supporting Files";
			sourceTree = "<group>";
		};
		388B1CB517604A74005E9C71 /* JCDrawerTableViewController-SampleTests */ = {
			isa = PBXGroup;
			children = (
				388B1CBB17604A74005E9C71 /* JCDrawerTableViewController_SampleTests.h */,
				388B1CBC17604A74005E9C71 /* JCDrawerTableViewController_SampleTests.m */,
				388B1CB617604A74005E9C71 /* Supporting Files */,
			);
			path = "JCDrawerTableViewController-SampleTests";
			sourceTree = "<group>";
		};
		388B1CB617604A74005E9C71 /* Supporting Files */ = {
			isa = PBXGroup;
			children = (
				388B1CB717604A74005E9C71 /* JCSDK-SampleTests-Info.plist */,
				388B1CB817604A74005E9C71 /* InfoPlist.strings */,
			);
			name = "Supporting Files";
			sourceTree = "<group>";
		};
		388B1CCA17604BA0005E9C71 /* Classes */ = {
			isa = PBXGroup;
			children = (
				38B75D831772963400CC47E7 /* JCDrawerTableViewController */,
			);
			name = Classes;
			path = ../Classes;
			sourceTree = "<group>";
		};
		38B75D831772963400CC47E7 /* JCDrawerTableViewController */ = {
			isa = PBXGroup;
			children = (
				38B75D841772963400CC47E7 /* JCDrawerTableViewController.h */,
				38B75D851772963400CC47E7 /* JCDrawerTableViewController.m */,
			);
			path = JCDrawerTableViewController;
			sourceTree = "<group>";
		};
/* End PBXGroup section */

/* Begin PBXNativeTarget section */
		388B1C8717604A74005E9C71 /* JCSDK-Sample */ = {
			isa = PBXNativeTarget;
			buildConfigurationList = 388B1CC017604A74005E9C71 /* Build configuration list for PBXNativeTarget "JCSDK-Sample" */;
			buildPhases = (
				388B1C8417604A74005E9C71 /* Sources */,
				388B1C8517604A74005E9C71 /* Frameworks */,
				388B1C8617604A74005E9C71 /* Resources */,
			);
			buildRules = (
			);
			dependencies = (
			);
			name = "JCSDK-Sample";
			productName = "JCDrawerTableViewController-Sample";
			productReference = 388B1C8817604A74005E9C71 /* JCSDK-Sample.app */;
			productType = "com.apple.product-type.application";
		};
		388B1CAD17604A74005E9C71 /* JCSDK-SampleTests */ = {
			isa = PBXNativeTarget;
			buildConfigurationList = 388B1CC317604A74005E9C71 /* Build configuration list for PBXNativeTarget "JCSDK-SampleTests" */;
			buildPhases = (
				388B1CA917604A74005E9C71 /* Sources */,
				388B1CAA17604A74005E9C71 /* Frameworks */,
				388B1CAB17604A74005E9C71 /* Resources */,
				388B1CAC17604A74005E9C71 /* ShellScript */,
			);
			buildRules = (
			);
			dependencies = (
				388B1CB417604A74005E9C71 /* PBXTargetDependency */,
			);
			name = "JCSDK-SampleTests";
			productName = "JCDrawerTableViewController-SampleTests";
			productReference = 388B1CAE17604A74005E9C71 /* JCSDK-SampleTests.octest */;
			productType = "com.apple.product-type.bundle";
		};
/* End PBXNativeTarget section */

/* Begin PBXProject section */
		388B1C8017604A74005E9C71 /* Project object */ = {
			isa = PBXProject;
			attributes = {
				CLASSPREFIX = JC;
				LastUpgradeCheck = 0460;
				ORGANIZATIONNAME = "Jim Cervone";
			};
			buildConfigurationList = 388B1C8317604A74005E9C71 /* Build configuration list for PBXProject "JCSDK-Sample" */;
			compatibilityVersion = "Xcode 3.2";
			developmentRegion = English;
			hasScannedForEncodings = 0;
			knownRegions = (
				en,
			);
			mainGroup = 388B1C7F17604A74005E9C71;
			productRefGroup = 388B1C8917604A74005E9C71 /* Products */;
			projectDirPath = "";
			projectRoot = "";
			targets = (
				388B1C8717604A74005E9C71 /* JCSDK-Sample */,
				388B1CAD17604A74005E9C71 /* JCSDK-SampleTests */,
			);
		};
/* End PBXProject section */

/* Begin PBXResourcesBuildPhase section */
		388B1C8617604A74005E9C71 /* Resources */ = {
			isa = PBXResourcesBuildPhase;
			buildActionMask = 2147483647;
			files = (
				388B1C9617604A74005E9C71 /* InfoPlist.strings in Resources */,
				388B1C9E17604A74005E9C71 /* Default.png in Resources */,
				388B1CA017604A74005E9C71 /* Default@2x.png in Resources */,
				388B1CA217604A74005E9C71 /* Default-568h@2x.png in Resources */,
				388B1CA817604A74005E9C71 /* JCViewController.xib in Resources */,
			);
			runOnlyForDeploymentPostprocessing = 0;
		};
		388B1CAB17604A74005E9C71 /* Resources */ = {
			isa = PBXResourcesBuildPhase;
			buildActionMask = 2147483647;
			files = (
				388B1CBA17604A74005E9C71 /* InfoPlist.strings in Resources */,
			);
			runOnlyForDeploymentPostprocessing = 0;
		};
/* End PBXResourcesBuildPhase section */

/* Begin PBXShellScriptBuildPhase section */
		388B1CAC17604A74005E9C71 /* ShellScript */ = {
			isa = PBXShellScriptBuildPhase;
			buildActionMask = 2147483647;
			files = (
			);
			inputPaths = (
			);
			outputPaths = (
			);
			runOnlyForDeploymentPostprocessing = 0;
			shellPath = /bin/sh;
			shellScript = "# Run the unit tests in this test bundle.\n\"${SYSTEM_DEVELOPER_DIR}/Tools/RunUnitTests\"\n";
		};
/* End PBXShellScriptBuildPhase section */

/* Begin PBXSourcesBuildPhase section */
		388B1C8417604A74005E9C71 /* Sources */ = {
			isa = PBXSourcesBuildPhase;
			buildActionMask = 2147483647;
			files = (
				388B1C9817604A74005E9C71 /* main.m in Sources */,
				388B1C9C17604A74005E9C71 /* JCAppDelegate.m in Sources */,
				388B1CA517604A74005E9C71 /* JCViewController.m in Sources */,
				38B75D861772963400CC47E7 /* JCDrawerTableViewController.m in Sources */,
			);
			runOnlyForDeploymentPostprocessing = 0;
		};
		388B1CA917604A74005E9C71 /* Sources */ = {
			isa = PBXSourcesBuildPhase;
			buildActionMask = 2147483647;
			files = (
				388B1CBD17604A74005E9C71 /* JCDrawerTableViewController_SampleTests.m in Sources */,
			);
			runOnlyForDeploymentPostprocessing = 0;
		};
/* End PBXSourcesBuildPhase section */

/* Begin PBXTargetDependency section */
		388B1CB417604A74005E9C71 /* PBXTargetDependency */ = {
			isa = PBXTargetDependency;
			target = 388B1C8717604A74005E9C71 /* JCSDK-Sample */;
			targetProxy = 388B1CB317604A74005E9C71 /* PBXContainerItemProxy */;
		};
/* End PBXTargetDependency section */

/* Begin PBXVariantGroup section */
		388B1C9417604A74005E9C71 /* InfoPlist.strings */ = {
			isa = PBXVariantGroup;
			children = (
				388B1C9517604A74005E9C71 /* en */,
			);
			name = InfoPlist.strings;
			sourceTree = "<group>";
		};
		388B1CA617604A74005E9C71 /* JCViewController.xib */ = {
			isa = PBXVariantGroup;
			children = (
				388B1CA717604A74005E9C71 /* en */,
			);
			name = JCViewController.xib;
			sourceTree = "<group>";
		};
		388B1CB817604A74005E9C71 /* InfoPlist.strings */ = {
			isa = PBXVariantGroup;
			children = (
				388B1CB917604A74005E9C71 /* en */,
			);
			name = InfoPlist.strings;
			sourceTree = "<group>";
		};
/* End PBXVariantGroup section */

/* Begin XCBuildConfiguration section */
		388B1CBE17604A74005E9C71 /* Debug */ = {
			isa = XCBuildConfiguration;
			buildSettings = {
				ALWAYS_SEARCH_USER_PATHS = NO;
				CLANG_CXX_LANGUAGE_STANDARD = "gnu++0x";
				CLANG_CXX_LIBRARY = "libc++";
				CLANG_ENABLE_OBJC_ARC = YES;
				CLANG_WARN_CONSTANT_CONVERSION = YES;
				CLANG_WARN_EMPTY_BODY = YES;
				CLANG_WARN_ENUM_CONVERSION = YES;
				CLANG_WARN_INT_CONVERSION = YES;
				CLANG_WARN__DUPLICATE_METHOD_MATCH = YES;
				"CODE_SIGN_IDENTITY[sdk=iphoneos*]" = "iPhone Developer";
				COPY_PHASE_STRIP = NO;
				GCC_C_LANGUAGE_STANDARD = gnu99;
				GCC_DYNAMIC_NO_PIC = NO;
				GCC_OPTIMIZATION_LEVEL = 0;
				GCC_PREPROCESSOR_DEFINITIONS = (
					"DEBUG=1",
					"$(inherited)",
				);
				GCC_SYMBOLS_PRIVATE_EXTERN = NO;
				GCC_WARN_ABOUT_RETURN_TYPE = YES;
				GCC_WARN_UNINITIALIZED_AUTOS = YES;
				GCC_WARN_UNUSED_VARIABLE = YES;
				IPHONEOS_DEPLOYMENT_TARGET = 6.1;
				ONLY_ACTIVE_ARCH = YES;
				SDKROOT = iphoneos;
			};
			name = Debug;
		};
		388B1CBF17604A74005E9C71 /* Release */ = {
			isa = XCBuildConfiguration;
			buildSettings = {
				ALWAYS_SEARCH_USER_PATHS = NO;
				CLANG_CXX_LANGUAGE_STANDARD = "gnu++0x";
				CLANG_CXX_LIBRARY = "libc++";
				CLANG_ENABLE_OBJC_ARC = YES;
				CLANG_WARN_CONSTANT_CONVERSION = YES;
				CLANG_WARN_EMPTY_BODY = YES;
				CLANG_WARN_ENUM_CONVERSION = YES;
				CLANG_WARN_INT_CONVERSION = YES;
				CLANG_WARN__DUPLICATE_METHOD_MATCH = YES;
				"CODE_SIGN_IDENTITY[sdk=iphoneos*]" = "iPhone Developer";
				COPY_PHASE_STRIP = YES;
				GCC_C_LANGUAGE_STANDARD = gnu99;
				GCC_WARN_ABOUT_RETURN_TYPE = YES;
				GCC_WARN_UNINITIALIZED_AUTOS = YES;
				GCC_WARN_UNUSED_VARIABLE = YES;
				IPHONEOS_DEPLOYMENT_TARGET = 6.1;
				OTHER_CFLAGS = "-DNS_BLOCK_ASSERTIONS=1";
				SDKROOT = iphoneos;
				VALIDATE_PRODUCT = YES;
			};
			name = Release;
		};
		388B1CC117604A74005E9C71 /* Debug */ = {
			isa = XCBuildConfiguration;
			buildSettings = {
				GCC_PRECOMPILE_PREFIX_HEADER = YES;
				GCC_PREFIX_HEADER = "JCDrawerTableViewController-Sample/JCSDK-Sample-Prefix.pch";
				INFOPLIST_FILE = "JCDrawerTableViewController-Sample/JCSDK-Sample-Info.plist";
				PRODUCT_NAME = "JCSDK-Sample";
				WRAPPER_EXTENSION = app;
			};
			name = Debug;
		};
		388B1CC217604A74005E9C71 /* Release */ = {
			isa = XCBuildConfiguration;
			buildSettings = {
				GCC_PRECOMPILE_PREFIX_HEADER = YES;
				GCC_PREFIX_HEADER = "JCDrawerTableViewController-Sample/JCSDK-Sample-Prefix.pch";
				INFOPLIST_FILE = "JCDrawerTableViewController-Sample/JCSDK-Sample-Info.plist";
				PRODUCT_NAME = "JCSDK-Sample";
				WRAPPER_EXTENSION = app;
			};
			name = Release;
		};
		388B1CC417604A74005E9C71 /* Debug */ = {
			isa = XCBuildConfiguration;
			buildSettings = {
				BUNDLE_LOADER = "$(BUILT_PRODUCTS_DIR)/JCDrawerTableViewController-Sample.app/JCDrawerTableViewController-Sample";
				FRAMEWORK_SEARCH_PATHS = (
					"\"$(SDKROOT)/Developer/Library/Frameworks\"",
					"\"$(DEVELOPER_LIBRARY_DIR)/Frameworks\"",
				);
				GCC_PRECOMPILE_PREFIX_HEADER = YES;
				GCC_PREFIX_HEADER = "JCDrawerTableViewController-Sample/JCDrawerTableViewController-Sample-Prefix.pch";
				INFOPLIST_FILE = "JCDrawerTableViewController-SampleTests/JCSDK-SampleTests-Info.plist";
				PRODUCT_NAME = "JCSDK-SampleTests";
				TEST_HOST = "$(BUNDLE_LOADER)";
				WRAPPER_EXTENSION = octest;
			};
			name = Debug;
		};
		388B1CC517604A74005E9C71 /* Release */ = {
			isa = XCBuildConfiguration;
			buildSettings = {
				BUNDLE_LOADER = "$(BUILT_PRODUCTS_DIR)/JCDrawerTableViewController-Sample.app/JCDrawerTableViewController-Sample";
				FRAMEWORK_SEARCH_PATHS = (
					"\"$(SDKROOT)/Developer/Library/Frameworks\"",
					"\"$(DEVELOPER_LIBRARY_DIR)/Frameworks\"",
				);
				GCC_PRECOMPILE_PREFIX_HEADER = YES;
				GCC_PREFIX_HEADER = "JCDrawerTableViewController-Sample/JCDrawerTableViewController-Sample-Prefix.pch";
				INFOPLIST_FILE = "JCDrawerTableViewController-SampleTests/JCSDK-SampleTests-Info.plist";
				PRODUCT_NAME = "JCSDK-SampleTests";
				TEST_HOST = "$(BUNDLE_LOADER)";
				WRAPPER_EXTENSION = octest;
			};
			name = Release;
		};
/* End XCBuildConfiguration section */

/* Begin XCConfigurationList section */
		388B1C8317604A74005E9C71 /* Build configuration list for PBXProject "JCSDK-Sample" */ = {
			isa = XCConfigurationList;
			buildConfigurations = (
				388B1CBE17604A74005E9C71 /* Debug */,
				388B1CBF17604A74005E9C71 /* Release */,
			);
			defaultConfigurationIsVisible = 0;
			defaultConfigurationName = Release;
		};
		388B1CC017604A74005E9C71 /* Build configuration list for PBXNativeTarget "JCSDK-Sample" */ = {
			isa = XCConfigurationList;
			buildConfigurations = (
				388B1CC117604A74005E9C71 /* Debug */,
				388B1CC217604A74005E9C71 /* Release */,
			);
			defaultConfigurationIsVisible = 0;
			defaultConfigurationName = Release;
		};
		388B1CC317604A74005E9C71 /* Build configuration list for PBXNativeTarget "JCSDK-SampleTests" */ = {
			isa = XCConfigurationList;
			buildConfigurations = (
				388B1CC417604A74005E9C71 /* Debug */,
				388B1CC517604A74005E9C71 /* Release */,
			);
			defaultConfigurationIsVisible = 0;
			defaultConfigurationName = Release;
		};
/* End XCConfigurationList section */
	};
	rootObject = 388B1C8017604A74005E9C71 /* Project object */;
}
